
Microsoft Visual Studio Solution File, Format Version 12.00
# Visual Studio Version 16
VisualStudioVersion = 16.0.31613.86
MinimumVisualStudioVersion = 10.0.40219.1
Project("{FAE04EC0-301F-11D3-BF4B-00C04F79EFBC}") = "TipoCombustivel", "TipoCombustivel\TipoCombustivel.csproj", "{4958F79E-E2B2-4E1D-96B5-1F986BA80897}"
EndProject
Global
	GlobalSection(SolutionConfigurationPlatforms) = preSolution
		Debug|Any CPU = Debug|Any CPU
		Release|Any CPU = Release|Any CPU
	EndGlobalSection
	GlobalSection(ProjectConfigurationPlatforms) = postSolution
		{4958F79E-E2B2-4E1D-96B5-1F986BA80897}.Debug|Any CPU.ActiveCfg = Debug|Any CPU
		{4958F79E-E2B2-4E1D-96B5-1F986BA80897}.Debug|Any CPU.Build.0 = Debug|Any CPU
		{4958F79E-E2B2-4E1D-96B5-1F986BA80897}.Release|Any CPU.ActiveCfg = Release|Any CPU
		{4958F79E-E2B2-4E1D-96B5-1F986BA80897}.Release|Any CPU.Build.0 = Release|Any CPU
	EndGlobalSection
	GlobalSection(SolutionProperties) = preSolution
		HideSolutionNode = FALSE
	EndGlobalSection
	GlobalSection(ExtensibilityGlobals) = postSolution
		SolutionGuid = {9D6E63F9-F3C2-4E70-9537-E49CD5D55D89}
	EndGlobalSection
EndGlobal
