
Microsoft Visual Studio Solution File, Format Version 12.00
# Visual Studio Version 16
VisualStudioVersion = 16.0.31613.86
MinimumVisualStudioVersion = 10.0.40219.1
Project("{FAE04EC0-301F-11D3-BF4B-00C04F79EFBC}") = "DDD", "DDD\DDD.csproj", "{DC754D22-2BC1-48DF-B513-7A6D9CDB9C32}"
EndProject
Global
	GlobalSection(SolutionConfigurationPlatforms) = preSolution
		Debug|Any CPU = Debug|Any CPU
		Release|Any CPU = Release|Any CPU
	EndGlobalSection
	GlobalSection(ProjectConfigurationPlatforms) = postSolution
		{DC754D22-2BC1-48DF-B513-7A6D9CDB9C32}.Debug|Any CPU.ActiveCfg = Debug|Any CPU
		{DC754D22-2BC1-48DF-B513-7A6D9CDB9C32}.Debug|Any CPU.Build.0 = Debug|Any CPU
		{DC754D22-2BC1-48DF-B513-7A6D9CDB9C32}.Release|Any CPU.ActiveCfg = Release|Any CPU
		{DC754D22-2BC1-48DF-B513-7A6D9CDB9C32}.Release|Any CPU.Build.0 = Release|Any CPU
	EndGlobalSection
	GlobalSection(SolutionProperties) = preSolution
		HideSolutionNode = FALSE
	EndGlobalSection
	GlobalSection(ExtensibilityGlobals) = postSolution
		SolutionGuid = {77A18D15-A96C-480F-9AC1-9CB019FD7DAB}
	EndGlobalSection
EndGlobal
