
Microsoft Visual Studio Solution File, Format Version 12.00
# Visual Studio Version 16
VisualStudioVersion = 16.0.31613.86
MinimumVisualStudioVersion = 10.0.40219.1
Project("{FAE04EC0-301F-11D3-BF4B-00C04F79EFBC}") = "Maior", "Maior\Maior.csproj", "{85A0DD1D-5B60-45BC-AD0D-73E8E2778262}"
EndProject
Global
	GlobalSection(SolutionConfigurationPlatforms) = preSolution
		Debug|Any CPU = Debug|Any CPU
		Release|Any CPU = Release|Any CPU
	EndGlobalSection
	GlobalSection(ProjectConfigurationPlatforms) = postSolution
		{85A0DD1D-5B60-45BC-AD0D-73E8E2778262}.Debug|Any CPU.ActiveCfg = Debug|Any CPU
		{85A0DD1D-5B60-45BC-AD0D-73E8E2778262}.Debug|Any CPU.Build.0 = Debug|Any CPU
		{85A0DD1D-5B60-45BC-AD0D-73E8E2778262}.Release|Any CPU.ActiveCfg = Release|Any CPU
		{85A0DD1D-5B60-45BC-AD0D-73E8E2778262}.Release|Any CPU.Build.0 = Release|Any CPU
	EndGlobalSection
	GlobalSection(SolutionProperties) = preSolution
		HideSolutionNode = FALSE
	EndGlobalSection
	GlobalSection(ExtensibilityGlobals) = postSolution
		SolutionGuid = {0714FEE6-F97E-4D6D-9C6A-13D2DF31B210}
	EndGlobalSection
EndGlobal
